PODS:
  - Flutter (1.0.0)
  - streaming_radio_flutter_plugin (0.0.1):
    - Flutter
  - system_shortcuts (0.0.1):
    - Flutter
  - volume_control (0.0.1):
    - Flutter
  - webview_flutter (0.0.1):
    - Flutter

DEPENDENCIES:
  - Flutter (from `Flutter`)
  - streaming_radio_flutter_plugin (from `.symlinks/plugins/streaming_radio_flutter_plugin/ios`)
  - system_shortcuts (from `.symlinks/plugins/system_shortcuts/ios`)
  - volume_control (from `.symlinks/plugins/volume_control/ios`)
  - webview_flutter (from `.symlinks/plugins/webview_flutter/ios`)

EXTERNAL SOURCES:
  Flutter:
    :path: Flutter
  streaming_radio_flutter_plugin:
    :path: ".symlinks/plugins/streaming_radio_flutter_plugin/ios"
  system_shortcuts:
    :path: ".symlinks/plugins/system_shortcuts/ios"
  volume_control:
    :path: ".symlinks/plugins/volume_control/ios"
  webview_flutter:
    :path: ".symlinks/plugins/webview_flutter/ios"

SPEC CHECKSUMS:
  Flutter: 434fef37c0980e73bb6479ef766c45957d4b510c
  streaming_radio_flutter_plugin: 89c11d0c0c74f98685ef7fffaeaf604897334eba
  system_shortcuts: fa91743cc51eed3811f5ea5461e23f972b9de780
  volume_control: ae2b373c092d9ff5e57f704e9fa5e3098cc16d07
  webview_flutter: d2b4d6c66968ad042ad94cbb791f5b72b4678a96

PODFILE CHECKSUM: aafe91acc616949ddb318b77800a7f51bffa2a4c

COCOAPODS: 1.10.1
